{
  "requires": true,
  "lockfileVersion": 1,
  "dependencies": {
    "@fortawesome/fontawesome-free": {
      "version": "5.15.2",
      "resolved": "https://registry.npmjs.org/@fortawesome/fontawesome-free/-/fontawesome-free-5.15.2.tgz",
      "integrity": "sha512-7l/AX41m609L/EXI9EKH3Vs3v0iA8tKlIOGtw+kgcoanI7p+e4I4GYLqW3UXWiTnjSFymKSmTTPKYrivzbxxqA=="
    },
    "aos": {
      "version": "2.3.4",
      "resolved": "https://registry.npmjs.org/aos/-/aos-2.3.4.tgz",
      "integrity": "sha512-zh/ahtR2yME4I51z8IttIt4lC1Nw0ktsFtmeDzID1m9naJnWXhCoARaCgNOGXb5CLy3zm+wqmRAEgMYB5E2HUw==",
      "requires": {
        "classlist-polyfill": "^1.0.3",
        "lodash.debounce": "^4.0.6",
        "lodash.throttle": "^4.0.1"
      }
    },
    "bootstrap": {
      "version": "5.0.0-beta2",
      "resolved": "https://registry.npmjs.org/bootstrap/-/bootstrap-5.0.0-beta2.tgz",
      "integrity": "sha512-e+uPbPHqTQWKyCX435uVlOmgH9tUt0xtjvyOC7knhKgOS643BrQKuTo+KecGpPV7qlmOyZgCfaM4xxPWtDEN/g=="
    },
    "classlist-polyfill": {
      "version": "1.2.0",
      "resolved": "https://registry.npmjs.org/classlist-polyfill/-/classlist-polyfill-1.2.0.tgz",
      "integrity": "sha1-k1vC39lFiodrJ5YXUUY4vKqWSi4="
    },
    "hamburgers": {
      "version": "1.1.3",
      "resolved": "https://registry.npmjs.org/hamburgers/-/hamburgers-1.1.3.tgz",
      "integrity": "sha512-qpfnJwZq6ATAGJEriwuyfVNgT++GG+o+3bBfPYF7F3WY452cYKbaYGUuqwhp+3kHLI6CL4VIBfj8bfbp90Lp1A=="
    },
    "hover.css": {
      "version": "2.3.2",
      "resolved": "https://registry.npmjs.org/hover.css/-/hover.css-2.3.2.tgz",
      "integrity": "sha1-8HGT2cdAnU45UTTTsiFbmetV4NM="
    },
    "lodash.debounce": {
      "version": "4.0.8",
      "resolved": "https://registry.npmjs.org/lodash.debounce/-/lodash.debounce-4.0.8.tgz",
      "integrity": "sha1-gteb/zCmfEAF/9XiUVMArZyk168="
    },
    "lodash.throttle": {
      "version": "4.1.1",
      "resolved": "https://registry.npmjs.org/lodash.throttle/-/lodash.throttle-4.1.1.tgz",
      "integrity": "sha1-wj6RtxAkKscMN/HhzaknTMOb8vQ="
    },
    "tootik": {
      "version": "1.0.2",
      "resolved": "https://registry.npmjs.org/tootik/-/tootik-1.0.2.tgz",
      "integrity": "sha1-NyNJDQyf7yIYZZoH94EYgZ2x1fs="
    },
    "typeit": {
      "version": "7.0.4",
      "resolved": "https://registry.npmjs.org/typeit/-/typeit-7.0.4.tgz",
      "integrity": "sha512-ETiVr3s4XOXUE9W+tVhF3gxGTf5z4tc35YjvWEQhqKsJhXWvpQlt/D/ZvIHkZzHegU3stxagjeG2pfm1/AWsYQ=="
    }
  }
}
